
Microsoft Visual Studio Solution File, Format Version 12.00
# Visual Studio Version 17
VisualStudioVersion = 17.7.34202.233
MinimumVisualStudioVersion = 10.0.40219.1
Project("{FAE04EC0-301F-11D3-BF4B-00C04F79EFBC}") = "DoctorWhoSimulation", "DoctorWhoSimulation.csproj", "{40BDDBE0-8AE8-4720-8B79-F848C0CF6489}"
EndProject
Global
	GlobalSection(SolutionConfigurationPlatforms) = preSolution
		Debug|Any CPU = Debug|Any CPU
		Release|Any CPU = Release|Any CPU
	EndGlobalSection
	GlobalSection(ProjectConfigurationPlatforms) = postSolution
		{40BDDBE0-8AE8-4720-8B79-F848C0CF6489}.Debug|Any CPU.ActiveCfg = Debug|Any CPU
		{40BDDBE0-8AE8-4720-8B79-F848C0CF6489}.Debug|Any CPU.Build.0 = Debug|Any CPU
		{40BDDBE0-8AE8-4720-8B79-F848C0CF6489}.Release|Any CPU.ActiveCfg = Release|Any CPU
		{40BDDBE0-8AE8-4720-8B79-F848C0CF6489}.Release|Any CPU.Build.0 = Release|Any CPU
	EndGlobalSection
	GlobalSection(SolutionProperties) = preSolution
		HideSolutionNode = FALSE
	EndGlobalSection
	GlobalSection(ExtensibilityGlobals) = postSolution
		SolutionGuid = {0535C561-D58F-4208-8C82-476492D44AE0}
	EndGlobalSection
EndGlobal
